#MicroXplorer Configuration settings - do not modify
PB13.GPIOParameters=GPIO_Label
PC7.GPIOParameters=GPIO_Label
RCC.USART1Freq_Value=48000000
Dma.SDMMC1_RX.0.MemInc=DMA_MINC_ENABLE
PG2.GPIO_PuPd=GPIO_PULLUP
VP_FATFS_VS_SDIO.Mode=SDIO
TIM1.IPParameters=Prescaler
RCC.PLLCLKFreq_Value=48000000
PC12.Signal=SDMMC1_CK
RCC.PLLQCLKFreq_Value=48000000
PG3.GPIOParameters=GPIO_PuPd,GPIO_Label
PC7.Locked=true
SPI5.DataSize=SPI_DATASIZE_8BIT
PD8.Locked=true
PC6.GPIO_Label=TX
PC3.Locked=true
PA3.GPIOParameters=GPIO_Label
PA6.GPIO_Label=AN_1V8
PD4.Locked=true
PD2.GPIOParameters=GPIO_PuPd
PB13.Signal=GPIO_Output
PD6.GPIO_Label=RIGHT
PG2.GPIOParameters=GPIO_PuPd,GPIO_Label
PinOutPanel.RotationAngle=0
RCC.SYSCLKSource=RCC_SYSCLKSOURCE_PLLCLK
USART3.VirtualMode-Asynchronous=VM_ASYNC
RCC.LPTIM1Freq_Value=48000000
NVIC.SVCall_IRQn=true\:0\:0\:false\:false\:true\:false\:false
NVIC.SDMMC1_IRQn=true\:0\:0\:false\:false\:true\:true\:true
PD15.GPIOParameters=GPIO_Label
PF7.Signal=SPI5_SCK
VP_FATFS_VS_SDIO.Signal=FATFS_VS_SDIO
RCC.I2C4Freq_Value=48000000
PD4.Signal=GPIO_Input
RCC.APB2TimFreq_Value=48000000
PC7.Signal=USART6_RX
PC3.Signal=GPIO_Input
RCC.SAI2Freq_Value=96000000
PD8.Signal=USART3_TX
USART6.VirtualMode-Asynchronous=VM_ASYNC
PB13.Locked=true
RCC.USART3Freq_Value=48000000
RCC.PLLSAIRCLKFreq_Value=96000000
ProjectManager.ProjectBuild=false
NVIC.UsageFault_IRQn=true\:0\:0\:false\:false\:true\:false\:false
PA4.Locked=true
PB12.GPIO_Label=PULL_WP
PG1.GPIOParameters=PinState,GPIO_Label
ProjectManager.FirmwarePackage=STM32Cube FW_F7 V1.16.0
MxDb.Version=DB.6.0.10
PF12.GPIO_Label=EN_VSWITCHED
ProjectManager.BackupPrevious=false
PF8.Mode=Full_Duplex_Master
NVIC.PendSV_IRQn=true\:0\:0\:false\:false\:true\:false\:false
ProjectManager.HalAssertFull=false
VP_TIM1_VS_ClockSourceINT.Mode=Internal
ADC1.SamplingTime-0\#ChannelRegularConversion=ADC_SAMPLETIME_3CYCLES
RCC.MCO2PinFreq_Value=48000000
PC8.GPIOParameters=GPIO_PuPd
RCC.SDMMCClockSelection=RCC_SDMMC1CLKSOURCE_CLK48
PB9.Signal=I2C1_SDA
Mcu.Package=LQFP144
PD5.GPIOParameters=GPIO_PuPd,GPIO_Label
Dma.SDMMC1_RX.0.PeriphBurst=DMA_PBURST_INC4
VP_SYS_VS_Systick.Signal=SYS_VS_Systick
USART3.IPParameters=VirtualMode-Asynchronous
PA5.GPIOParameters=GPIO_Label
SPI5.CalculateBaudRate=375.0 KBits/s
RCC.CECFreq_Value=32786.88524590164
PF14.Signal=GPIO_Output
RCC.APB1TimFreq_Value=48000000
NVIC.BusFault_IRQn=true\:0\:0\:false\:false\:true\:false\:false
PG1.PinState=GPIO_PIN_SET
Dma.SDMMC1_TX.1.MemInc=DMA_MINC_ENABLE
PC12.GPIO_PuPd=GPIO_NOPULL
Dma.SDMMC1_RX.0.Mode=DMA_PFCTRL
PD5.Locked=true
PA4.GPIO_Label=AN_24V
PD15.Signal=GPIO_Output
SPI5.VirtualType=VM_MASTER
ProjectManager.CustomerFirmwarePackage=
RCC.PLLSAIQCLKFreq_Value=96000000
PA6.GPIOParameters=GPIO_Label
Dma.SDMMC1_TX.1.Instance=DMA2_Stream6
PD6.GPIOParameters=GPIO_PuPd,GPIO_Label
Dma.SDMMC1_RX.0.RequestParameters=Instance,Direction,PeriphInc,MemInc,PeriphDataAlignment,MemDataAlignment,Mode,Priority,FIFOMode,FIFOThreshold,MemBurst,PeriphBurst
RCC.PLLQoutputFreq_Value=48000000
ProjectManager.ProjectFileName=Base200Tester.ioc
ADC1.Rank-0\#ChannelRegularConversion=1
Dma.SDMMC1_RX.0.PeriphInc=DMA_PINC_DISABLE
PA15.GPIOParameters=GPIO_Label
Mcu.PinsNb=40
PD2.GPIO_PuPd=GPIO_PULLUP
SH.ADCx_IN6.0=ADC1_IN6,IN6
ADC1.IPParameters=Rank-0\#ChannelRegularConversion,master,Channel-0\#ChannelRegularConversion,SamplingTime-0\#ChannelRegularConversion,NbrOfConversionFlag
PG3.Locked=true
PC6.Signal=USART6_TX
PD7.Signal=GPIO_Input
PF14.GPIO_Label=SCL
PF14.GPIO_ModeDefaultOutputPP=GPIO_MODE_OUTPUT_OD
Dma.SDMMC1_RX.0.PeriphDataAlignment=DMA_PDATAALIGN_WORD
RCC.UART8Freq_Value=48000000
PC0.Signal=GPIO_Output
PC3.GPIOParameters=GPIO_PuPd,GPIO_Label
PB8.GPIO_Label=SCL_DUT
PA15.Locked=true
RCC.USART6Freq_Value=48000000
PC6.Mode=Asynchronous
PC6.Locked=true
VP_TIM1_VS_ClockSourceINT.Signal=TIM1_VS_ClockSourceINT
I2C1.Timing=0x20303E5D
PB5.Locked=true
PB9.Locked=true
NVIC.DMA2_Stream6_IRQn=true\:0\:0\:false\:false\:true\:false\:true
PD7.Locked=true
PD8.Mode=Asynchronous
PA5.Signal=ADCx_IN5
PE13.GPIOParameters=PinState,GPIO_Label
PC12.Mode=SD_1_bit
ProjectManager.LastFirmware=true
PB4.GPIO_Label=EN_VBAT
Mcu.Pin37=VP_FATFS_VS_SDIO
Mcu.Pin38=VP_SYS_VS_Systick
PB15.GPIO_Label=EN_BOOTS
Mcu.Pin35=PB8
RCC.I2C1Freq_Value=48000000
Mcu.Pin36=PB9
RCC.PLLI2SPCLKFreq_Value=96000000
Mcu.Pin39=VP_TIM1_VS_ClockSourceINT
RCC.RNGFreq_Value=48000000
Mcu.Pin30=PD6
Dma.SDMMC1_RX.0.Direction=DMA_PERIPH_TO_MEMORY
RCC.EthernetFreq_Value=48000000
PF12.Locked=true
Mcu.Pin33=PB4
Mcu.Pin34=PB5
Mcu.Pin31=PD7
Mcu.Pin32=PB3
NVIC.NonMaskableInt_IRQn=true\:0\:0\:false\:false\:true\:false\:false
Dma.SDMMC1_TX.1.FIFOMode=DMA_FIFOMODE_ENABLE
PF15.GPIO_ModeDefaultOutputPP=GPIO_MODE_OUTPUT_OD
ProjectManager.FreePins=false
RCC.PLLI2SQCLKFreq_Value=96000000
Mcu.Pin26=PC12
Mcu.Pin27=PD2
Mcu.Pin24=PC8
ProjectManager.UnderRoot=true
PE13.Locked=true
Mcu.Pin25=PA15
Mcu.Pin28=PD4
PC7.GPIO_Label=RX
Mcu.Pin29=PD5
PC8.Mode=SD_1_bit
PB4.Locked=true
PC8.GPIO_PuPd=GPIO_PULLUP
PA4.Signal=SharedAnalog_PA4
Mcu.Pin22=PC6
PB5.Signal=GPIO_Output
Mcu.Pin23=PC7
Mcu.Pin20=PG2
ADC1.master=1
PA3.Locked=true
PE13.GPIO_Label=LCD_RST
Mcu.Pin21=PG3
PA5.GPIO_Label=AN_VBAT
NVIC.ForceEnableDMAVector=true
NVIC.MemoryManagement_IRQn=true\:0\:0\:false\:false\:true\:false\:false
ProjectManager.CompilerOptimize=6
Dma.SDMMC1_TX.1.PeriphDataAlignment=DMA_PDATAALIGN_WORD
PD15.Locked=true
ProjectManager.HeapSize=0x4000
Mcu.Pin15=PB13
NVIC.HardFault_IRQn=true\:0\:0\:false\:false\:true\:false\:false
Mcu.Pin16=PB15
Mcu.Pin13=PE13
Mcu.Pin14=PB12
Mcu.Pin19=PD15
ProjectManager.ComputerToolchain=false
Mcu.Pin17=PD8
PF9.Signal=SPI5_MOSI
Mcu.Pin18=PD9
SH.ADCx_IN5.0=ADC1_IN5,IN5
NVIC.PriorityGroup=NVIC_PRIORITYGROUP_4
Mcu.Pin11=PF15
Mcu.Pin12=PG1
PB8.Mode=I2C
Mcu.Pin10=PF14
PC3.GPIO_Label=MINUS
SH.ADCx_IN5.ConfNb=1
PG3.GPIO_Label=DOWN
PD2.Signal=SDMMC1_CMD
RCC.I2C2Freq_Value=48000000
SPI5.IPParameters=VirtualType,Mode,Direction,CalculateBaudRate,BaudRatePrescaler,DataSize,CLKPolarity
PC0.Locked=true
PB12.GPIOParameters=GPIO_Label
PD7.GPIOParameters=GPIO_Label
Mcu.Family=STM32F7
ProjectManager.MainLocation=Core/Src
RCC.SAI1Freq_Value=96000000
RCC.CortexFreq_Value=48000000
ProjectManager.KeepUserCode=true
Mcu.UserName=STM32F746ZGTx
PG2.Signal=GPIO_Input
SH.SharedAnalog_PA4.0=GPIO_Analog
SH.SharedAnalog_PA4.1=ADC1_IN4,IN4
PG2.Locked=true
ProjectManager.functionlistsort=1-MX_GPIO_Init-GPIO-false-HAL-true,2-MX_DMA_Init-DMA-false-HAL-true,3-SystemClock_Config-RCC-false-LL-false,4-MX_SDMMC1_SD_Init-SDMMC1-false-HAL-true,5-MX_FATFS_Init-FATFS-false-HAL-false,6-MX_TIM1_Init-TIM1-false-HAL-true,7-MX_SPI5_Init-SPI5-false-HAL-true,8-MX_I2C1_Init-I2C1-false-HAL-true,9-MX_ADC1_Init-ADC1-false-HAL-true,10-MX_USART6_UART_Init-USART6-false-HAL-true,11-MX_USART3_UART_Init-USART3-false-HAL-true,0-MX_CORTEX_M7_Init-CORTEX_M7-false-HAL-true
PC0.GPIOParameters=GPIO_Label
PC0.GPIO_Label=GREEN
PD6.Locked=true
RCC.PLLI2SRCLKFreq_Value=96000000
RCC.USART2Freq_Value=48000000
Dma.SDMMC1_RX.0.Instance=DMA2_Stream3
Dma.SDMMC1_RX.0.FIFOMode=DMA_FIFOMODE_ENABLE
Dma.SDMMC1_RX.0.Priority=DMA_PRIORITY_LOW
PB13.GPIO_Label=PULL_RST
PB15.Signal=GPIO_Output
PF12.GPIOParameters=GPIO_Label
PD9.Mode=Asynchronous
ProjectManager.StackSize=0x800
PG3.GPIO_PuPd=GPIO_PULLUP
PB5.GPIOParameters=GPIO_Label
RCC.I2C3Freq_Value=48000000
Dma.SDMMC1_TX.1.FIFOThreshold=DMA_FIFO_THRESHOLD_FULL
Mcu.IP4=I2C1
Mcu.IP5=NVIC
RCC.FCLKCortexFreq_Value=48000000
I2C1.IPParameters=Timing
Mcu.IP2=DMA
Mcu.IP3=FATFS
PA15.GPIO_Label=CONNECT
PB4.GPIOParameters=GPIO_Label
Mcu.IP0=ADC1
Mcu.IP1=CORTEX_M7
TIM1.Prescaler=48-1
Mcu.UserConstants=
PF9.Locked=true
RCC.SDMMCFreq_Value=48000000
Mcu.ThirdPartyNb=0
RCC.HCLKFreq_Value=48000000
Mcu.IPNb=13
RCC.PLLI2SRoutputFreq_Value=96000000
ProjectManager.PreviousToolchain=
RCC.SPDIFRXFreq_Value=96000000
PF12.Signal=GPIO_Output
Mcu.Pin6=PA4
SPI5.CLKPolarity=SPI_POLARITY_LOW
Mcu.Pin7=PA5
Mcu.Pin8=PA6
Mcu.Pin9=PF12
RCC.VCOSAIOutputFreq_Value=192000000
RCC.AHBFreq_Value=48000000
Mcu.Pin0=PF7
Mcu.Pin1=PF8
GPIO.groupedBy=Group By Peripherals
Mcu.Pin2=PF9
Mcu.Pin3=PC0
Mcu.Pin4=PC3
Mcu.Pin5=PA3
ADC1.Channel-0\#ChannelRegularConversion=ADC_CHANNEL_6
RCC.HSE_VALUE=25000000
NVIC.DebugMonitor_IRQn=true\:0\:0\:false\:false\:true\:false\:false
Mcu.IP10=TIM1
NVIC.SysTick_IRQn=true\:0\:0\:false\:false\:true\:false\:true
Mcu.IP12=USART6
PE13.PinState=GPIO_PIN_SET
Mcu.IP11=USART3
PF9.Mode=Full_Duplex_Master
PE13.Signal=GPIO_Output
RCC.VCOInputFreq_Value=1000000
File.Version=6
PB3.GPIOParameters=GPIO_Label
SH.SharedAnalog_PA4.ConfNb=2
PB8.Locked=true
SH.ADCx_IN6.ConfNb=1
Dma.RequestsNb=2
ProjectManager.ProjectName=Base200Tester
PD7.GPIO_Label=LEFT
SPI5.BaudRatePrescaler=SPI_BAUDRATEPRESCALER_128
PA6.Signal=ADCx_IN6
PD5.GPIO_Label=PLUS
ProjectManager.ToolChainLocation=
RCC.LSI_VALUE=32000
PA15.Signal=GPIO_Output
PF8.Signal=SPI5_MISO
PB5.GPIO_Label=EN_VSOLAR
Dma.Request1=SDMMC1_TX
PD6.Signal=GPIO_Input
Dma.Request0=SDMMC1_RX
Dma.SDMMC1_RX.0.MemDataAlignment=DMA_MDATAALIGN_WORD
PF15.GPIOParameters=GPIO_Label,GPIO_ModeDefaultOutputPP
PB15.Locked=true
PB3.Locked=true
PB4.Signal=GPIO_Output
PG2.GPIO_Label=UP
Dma.SDMMC1_TX.1.Direction=DMA_MEMORY_TO_PERIPH
PA3.Signal=GPIO_Output
PB3.GPIO_Label=EN_VIN
RCC.I2SFreq_Value=96000000
PB8.GPIOParameters=GPIO_Label
PD15.GPIO_Label=EN_3V3
RCC.UART7Freq_Value=48000000
PB9.GPIO_Label=SDA_DUT
ProjectManager.NoMain=false
PG3.Signal=GPIO_Input
USART6.IPParameters=VirtualMode-Asynchronous
PG1.Signal=GPIO_Output
PG1.Locked=true
PC8.Signal=SDMMC1_D0
ProjectManager.DefaultFWLocation=true
PD9.Signal=USART3_RX
PD5.Signal=GPIO_Input
PB12.Locked=true
ProjectManager.DeletePrevious=true
RCC.LCDTFToutputFreq_Value=48000000
SPI5.Mode=SPI_MODE_MASTER
RCC.FamilyName=M
PB9.GPIOParameters=GPIO_Label
PC12.GPIOParameters=GPIO_PuPd
FATFS.IPParameters=USE_DMA_CODE_SD
PF7.Mode=Full_Duplex_Master
PD4.GPIO_PuPd=GPIO_PULLUP
Dma.SDMMC1_TX.1.PeriphBurst=DMA_PBURST_INC4
ProjectManager.TargetToolchain=STM32CubeIDE
PF15.Locked=true
PB9.Mode=I2C
ProjectManager.RegisterCallBack=
RCC.USBFreq_Value=48000000
NVIC.DMA2_Stream3_IRQn=true\:0\:0\:false\:false\:true\:false\:true
RCC.PLLSAIoutputFreq_Value=96000000
RCC.LSE_VALUE=32768
RCC.VCOI2SOutputFreq_Value=192000000
PD2.Mode=SD_1_bit
RCC.PLLSAIPCLKFreq_Value=96000000
board=custom
RCC.VCOOutputFreq_Value=192000000
PG1.GPIO_Label=CS_DUT
PF14.GPIOParameters=GPIO_Label,GPIO_ModeDefaultOutputPP
FATFS.USE_DMA_CODE_SD=1
RCC.APB2Freq_Value=48000000
RCC.UART4Freq_Value=48000000
MxCube.Version=6.1.0
PD4.GPIO_Label=TEST
VP_SYS_VS_Systick.Mode=SysTick
PD4.GPIOParameters=GPIO_PuPd,GPIO_Label
PF15.GPIO_Label=SDA
Dma.SDMMC1_RX.0.MemBurst=DMA_MBURST_INC4
PD5.GPIO_PuPd=GPIO_PULLUP
PF15.Signal=GPIO_Output
PF14.Locked=true
Dma.SDMMC1_TX.1.Priority=DMA_PRIORITY_LOW
PA4.GPIOParameters=GPIO_Label
RCC.UART5Freq_Value=48000000
PB15.GPIOParameters=GPIO_Label
RCC.IPParameters=AHBFreq_Value,APB1Freq_Value,APB1TimFreq_Value,APB2Freq_Value,APB2TimFreq_Value,CECFreq_Value,CortexFreq_Value,EthernetFreq_Value,FCLKCortexFreq_Value,FamilyName,HCLKFreq_Value,HSE_VALUE,HSI_VALUE,I2C1Freq_Value,I2C2Freq_Value,I2C3Freq_Value,I2C4Freq_Value,I2SFreq_Value,LCDTFToutputFreq_Value,LPTIM1Freq_Value,LSE_VALUE,LSI_VALUE,MCO2PinFreq_Value,PLLCLKFreq_Value,PLLI2SPCLKFreq_Value,PLLI2SQCLKFreq_Value,PLLI2SRCLKFreq_Value,PLLI2SRoutputFreq_Value,PLLP,PLLQ,PLLQCLKFreq_Value,PLLQoutputFreq_Value,PLLSAIPCLKFreq_Value,PLLSAIQCLKFreq_Value,PLLSAIRCLKFreq_Value,PLLSAIoutputFreq_Value,RNGFreq_Value,SAI1Freq_Value,SAI2Freq_Value,SDMMCClockSelection,SDMMCFreq_Value,SPDIFRXFreq_Value,SYSCLKFreq_VALUE,SYSCLKSource,UART4Freq_Value,UART5Freq_Value,UART7Freq_Value,UART8Freq_Value,USART1Freq_Value,USART2Freq_Value,USART3Freq_Value,USART6Freq_Value,USBFreq_Value,VCOI2SOutputFreq_Value,VCOInputFreq_Value,VCOOutputFreq_Value,VCOSAIOutputFreq_Value
ProjectManager.AskForMigrate=true
Mcu.Name=STM32F746ZGTx
Mcu.IP8=SPI5
Mcu.IP9=SYS
Mcu.IP6=RCC
Mcu.IP7=SDMMC1
ProjectManager.CoupleFile=true
PB3.Signal=GPIO_Output
RCC.SYSCLKFreq_VALUE=48000000
Dma.SDMMC1_TX.1.MemBurst=DMA_MBURST_INC4
KeepUserPlacement=false
Dma.SDMMC1_RX.0.FIFOThreshold=DMA_FIFO_THRESHOLD_FULL
Dma.SDMMC1_TX.1.RequestParameters=Instance,Direction,PeriphInc,MemInc,PeriphDataAlignment,MemDataAlignment,Mode,Priority,FIFOMode,FIFOThreshold,MemBurst,PeriphBurst
PC6.GPIOParameters=GPIO_Label
Dma.SDMMC1_TX.1.MemDataAlignment=DMA_MDATAALIGN_WORD
RCC.HSI_VALUE=16000000
RCC.PLLP=RCC_PLLP_DIV4
RCC.PLLQ=4
ADC1.NbrOfConversionFlag=1
PB8.Signal=I2C1_SCL
PC7.Mode=Asynchronous
PD9.Locked=true
RCC.APB1Freq_Value=48000000
Dma.SDMMC1_TX.1.Mode=DMA_PFCTRL
Dma.SDMMC1_TX.1.PeriphInc=DMA_PINC_DISABLE
ProjectManager.DeviceId=STM32F746ZGTx
PB12.Signal=GPIO_Output
ProjectManager.LibraryCopy=1
PC3.GPIO_PuPd=GPIO_PULLUP
SPI5.Direction=SPI_DIRECTION_2LINES
PA3.GPIO_Label=RED
PD6.GPIO_PuPd=GPIO_PULLUP
isbadioc=false
